
Microsoft Visual Studio Solution File, Format Version 12.00
# Visual Studio Version 17
VisualStudioVersion = 17.7.34031.279
MinimumVisualStudioVersion = 10.0.40219.1
Project("{FAE04EC0-301F-11D3-BF4B-00C04F79EFBC}") = "Lab8Var15", "Lab8Var15\Lab8Var15.csproj", "{2E731F73-7CFF-4031-8264-534137CD708F}"
EndProject
Global
	GlobalSection(SolutionConfigurationPlatforms) = preSolution
		Debug|Any CPU = Debug|Any CPU
		Release|Any CPU = Release|Any CPU
	EndGlobalSection
	GlobalSection(ProjectConfigurationPlatforms) = postSolution
		{2E731F73-7CFF-4031-8264-534137CD708F}.Debug|Any CPU.ActiveCfg = Debug|Any CPU
		{2E731F73-7CFF-4031-8264-534137CD708F}.Debug|Any CPU.Build.0 = Debug|Any CPU
		{2E731F73-7CFF-4031-8264-534137CD708F}.Release|Any CPU.ActiveCfg = Release|Any CPU
		{2E731F73-7CFF-4031-8264-534137CD708F}.Release|Any CPU.Build.0 = Release|Any CPU
	EndGlobalSection
	GlobalSection(SolutionProperties) = preSolution
		HideSolutionNode = FALSE
	EndGlobalSection
	GlobalSection(ExtensibilityGlobals) = postSolution
		SolutionGuid = {EAB1CDA6-7CD9-46DC-B09D-EDE013314A96}
	EndGlobalSection
EndGlobal
